
Microsoft Visual Studio Solution File, Format Version 12.00
# Visual Studio Version 16
VisualStudioVersion = 16.0.30611.23
MinimumVisualStudioVersion = 10.0.40219.1
Project("{FAE04EC0-301F-11D3-BF4B-00C04F79EFBC}") = "LaunchConsole-APIDev", "LaunchCOnsole-APIDev\LaunchConsole-APIDev.csproj", "{88AB7530-6695-4E7A-BB92-3DDB9E12ECA9}"
EndProject
Global
	GlobalSection(SolutionConfigurationPlatforms) = preSolution
		Debug|Any CPU = Debug|Any CPU
		Release|Any CPU = Release|Any CPU
	EndGlobalSection
	GlobalSection(ProjectConfigurationPlatforms) = postSolution
		{88AB7530-6695-4E7A-BB92-3DDB9E12ECA9}.Debug|Any CPU.ActiveCfg = Debug|Any CPU
		{88AB7530-6695-4E7A-BB92-3DDB9E12ECA9}.Debug|Any CPU.Build.0 = Debug|Any CPU
		{88AB7530-6695-4E7A-BB92-3DDB9E12ECA9}.Release|Any CPU.ActiveCfg = Release|Any CPU
		{88AB7530-6695-4E7A-BB92-3DDB9E12ECA9}.Release|Any CPU.Build.0 = Release|Any CPU
	EndGlobalSection
	GlobalSection(SolutionProperties) = preSolution
		HideSolutionNode = FALSE
	EndGlobalSection
	GlobalSection(ExtensibilityGlobals) = postSolution
		SolutionGuid = {076ECD11-CF0B-4554-9914-6DBE44B511C4}
	EndGlobalSection
EndGlobal
